{
    "_readme": [
        "This file locks the dependencies of your project to a known state",
        "Read more about it at https://getcomposer.org/doc/01-basic-usage.md#installing-dependencies",
        "This file is @generated automatically"
    ],
    "content-hash": "cf0c970c58270a4c8b81890cba70a8da",
    "packages": [
        {
            "name": "bcosca/fatfree-core",
            "version": "dev-smtplinelimit",
            "source": {
                "type": "git",
                "url": "https://github.com/wildtierschweiz/fatfree-core-smtplinelimit.git",
                "reference": "7d9650f2623df69ccf695057f7610bdbca37219e"
            },
            "dist": {
                "type": "zip",
                "url": "https://api.github.com/repos/wildtierschweiz/fatfree-core-smtplinelimit/zipball/7d9650f2623df69ccf695057f7610bdbca37219e",
                "reference": "7d9650f2623df69ccf695057f7610bdbca37219e",
                "shasum": ""
            },
            "require": {
                "php": ">=5.4"
            },
            "type": "library",
            "autoload": {
                "classmap": [
                    "."
                ]
            },
            "license": [
                "GPL-3.0"
            ],
            "description": "A powerful yet easy-to-use PHP micro-framework designed to help you build dynamic and robust Web applications - fast!",
            "homepage": "http://fatfreeframework.com/",
            "support": {
                "source": "https://github.com/wildtierschweiz/fatfree-core-smtplinelimit/tree/smtplinelimit"
            },
            "time": "2024-06-17T13:19:43+00:00"
        }
    ],
    "packages-dev": [],
    "aliases": [],
    "minimum-stability": "stable",
    "stability-flags": {
        "bcosca/fatfree-core": 20
    },
    "prefer-stable": false,
    "prefer-lowest": false,
    "platform": {
        "php": ">=8.1"
    },
    "platform-dev": [],
    "plugin-api-version": "2.6.0"
}
